
Microsoft Visual Studio Solution File, Format Version 12.00
# Visual Studio 15
VisualStudioVersion = 15.0.28307.136
MinimumVisualStudioVersion = 10.0.40219.1
Project("{9A19103F-16F7-4668-BE54-9A1E7A4F7556}") = "AssetManager.Api", "AssetManager.Api\AssetManager.Api.csproj", "{B12D60FC-C119-4052-9344-97B7E86A5634}"
EndProject
Project("{9A19103F-16F7-4668-BE54-9A1E7A4F7556}") = "AssetManager.Cli", "AssetManager.Console\AssetManager.Cli.csproj", "{6A0DD986-4CB2-466A-B80C-2FBD59A5DD0B}"
EndProject
Project("{FAE04EC0-301F-11D3-BF4B-00C04F79EFBC}") = "AssetManager.Sqlite", "AssetManager.Sqlite\AssetManager.Sqlite.csproj", "{F7A9FD21-D46D-4DB4-A7FB-1E05BBB47519}"
EndProject
Global
	GlobalSection(SolutionConfigurationPlatforms) = preSolution
		Debug|Any CPU = Debug|Any CPU
		Release|Any CPU = Release|Any CPU
	EndGlobalSection
	GlobalSection(ProjectConfigurationPlatforms) = postSolution
		{B12D60FC-C119-4052-9344-97B7E86A5634}.Debug|Any CPU.ActiveCfg = Debug|Any CPU
		{B12D60FC-C119-4052-9344-97B7E86A5634}.Debug|Any CPU.Build.0 = Debug|Any CPU
		{B12D60FC-C119-4052-9344-97B7E86A5634}.Release|Any CPU.ActiveCfg = Release|Any CPU
		{B12D60FC-C119-4052-9344-97B7E86A5634}.Release|Any CPU.Build.0 = Release|Any CPU
		{6A0DD986-4CB2-466A-B80C-2FBD59A5DD0B}.Debug|Any CPU.ActiveCfg = Debug|Any CPU
		{6A0DD986-4CB2-466A-B80C-2FBD59A5DD0B}.Debug|Any CPU.Build.0 = Debug|Any CPU
		{6A0DD986-4CB2-466A-B80C-2FBD59A5DD0B}.Release|Any CPU.ActiveCfg = Release|Any CPU
		{6A0DD986-4CB2-466A-B80C-2FBD59A5DD0B}.Release|Any CPU.Build.0 = Release|Any CPU
		{F7A9FD21-D46D-4DB4-A7FB-1E05BBB47519}.Debug|Any CPU.ActiveCfg = Debug|Any CPU
		{F7A9FD21-D46D-4DB4-A7FB-1E05BBB47519}.Debug|Any CPU.Build.0 = Debug|Any CPU
		{F7A9FD21-D46D-4DB4-A7FB-1E05BBB47519}.Release|Any CPU.ActiveCfg = Release|Any CPU
		{F7A9FD21-D46D-4DB4-A7FB-1E05BBB47519}.Release|Any CPU.Build.0 = Release|Any CPU
	EndGlobalSection
	GlobalSection(SolutionProperties) = preSolution
		HideSolutionNode = FALSE
	EndGlobalSection
	GlobalSection(ExtensibilityGlobals) = postSolution
		SolutionGuid = {1A5B97BA-407D-4C96-AB12-262E9C16344D}
	EndGlobalSection
EndGlobal
