
Microsoft Visual Studio Solution File, Format Version 12.00
# Visual Studio 15
VisualStudioVersion = 15.0.28307.136
MinimumVisualStudioVersion = 10.0.40219.1
Project("{FAE04EC0-301F-11D3-BF4B-00C04F79EFBC}") = "AssetManager.Api", "AssetManager.Api\AssetManager.Api.csproj", "{B12D60FC-C119-4052-9344-97B7E86A5634}"
EndProject
Global
	GlobalSection(SolutionConfigurationPlatforms) = preSolution
		Debug|Any CPU = Debug|Any CPU
		Release|Any CPU = Release|Any CPU
	EndGlobalSection
	GlobalSection(ProjectConfigurationPlatforms) = postSolution
		{B12D60FC-C119-4052-9344-97B7E86A5634}.Debug|Any CPU.ActiveCfg = Debug|Any CPU
		{B12D60FC-C119-4052-9344-97B7E86A5634}.Debug|Any CPU.Build.0 = Debug|Any CPU
		{B12D60FC-C119-4052-9344-97B7E86A5634}.Release|Any CPU.ActiveCfg = Release|Any CPU
		{B12D60FC-C119-4052-9344-97B7E86A5634}.Release|Any CPU.Build.0 = Release|Any CPU
	EndGlobalSection
	GlobalSection(SolutionProperties) = preSolution
		HideSolutionNode = FALSE
	EndGlobalSection
	GlobalSection(ExtensibilityGlobals) = postSolution
		SolutionGuid = {1A5B97BA-407D-4C96-AB12-262E9C16344D}
	EndGlobalSection
EndGlobal
